
Microsoft Visual Studio Solution File, Format Version 11.00
# Visual Studio 2010 Express for Windows Phone
Project("{FAE04EC0-301F-11D3-BF4B-00C04F79EFBC}") = "JumpyPants", "JumpyPantsTry1\JumpyPantsTry1\JumpyPants.csproj", "{AE5D5FFE-A074-4B5A-9FEA-8685581AF115}"
EndProject
Project("{FAE04EC0-301F-11D3-BF4B-00C04F79EFBC}") = "JumpyPantsContent", "JumpyPantsTry1\JumpyPantsTry1Content\JumpyPantsContent.contentproj", "{33314A1F-2150-4876-8D72-F1A4891CAEF7}"
EndProject
Global
	GlobalSection(SolutionConfigurationPlatforms) = preSolution
		Debug|Mixed Platforms = Debug|Mixed Platforms
		Debug|Windows Phone = Debug|Windows Phone
		Debug|x86 = Debug|x86
		Release|Mixed Platforms = Release|Mixed Platforms
		Release|Windows Phone = Release|Windows Phone
		Release|x86 = Release|x86
	EndGlobalSection
	GlobalSection(ProjectConfigurationPlatforms) = postSolution
		{AE5D5FFE-A074-4B5A-9FEA-8685581AF115}.Debug|Mixed Platforms.ActiveCfg = Debug|x86
		{AE5D5FFE-A074-4B5A-9FEA-8685581AF115}.Debug|Mixed Platforms.Build.0 = Debug|x86
		{AE5D5FFE-A074-4B5A-9FEA-8685581AF115}.Debug|Windows Phone.ActiveCfg = Debug|x86
		{AE5D5FFE-A074-4B5A-9FEA-8685581AF115}.Debug|Windows Phone.Build.0 = Debug|x86
		{AE5D5FFE-A074-4B5A-9FEA-8685581AF115}.Debug|x86.ActiveCfg = Debug|x86
		{AE5D5FFE-A074-4B5A-9FEA-8685581AF115}.Debug|x86.Build.0 = Debug|x86
		{AE5D5FFE-A074-4B5A-9FEA-8685581AF115}.Release|Mixed Platforms.ActiveCfg = Release|x86
		{AE5D5FFE-A074-4B5A-9FEA-8685581AF115}.Release|Mixed Platforms.Build.0 = Release|x86
		{AE5D5FFE-A074-4B5A-9FEA-8685581AF115}.Release|Windows Phone.ActiveCfg = Release|x86
		{AE5D5FFE-A074-4B5A-9FEA-8685581AF115}.Release|Windows Phone.Build.0 = Release|x86
		{AE5D5FFE-A074-4B5A-9FEA-8685581AF115}.Release|x86.ActiveCfg = Release|x86
		{AE5D5FFE-A074-4B5A-9FEA-8685581AF115}.Release|x86.Build.0 = Release|x86
		{33314A1F-2150-4876-8D72-F1A4891CAEF7}.Debug|Mixed Platforms.ActiveCfg = Debug|x86
		{33314A1F-2150-4876-8D72-F1A4891CAEF7}.Debug|Windows Phone.ActiveCfg = Debug|x86
		{33314A1F-2150-4876-8D72-F1A4891CAEF7}.Debug|x86.ActiveCfg = Debug|x86
		{33314A1F-2150-4876-8D72-F1A4891CAEF7}.Release|Mixed Platforms.ActiveCfg = Release|x86
		{33314A1F-2150-4876-8D72-F1A4891CAEF7}.Release|Windows Phone.ActiveCfg = Release|x86
		{33314A1F-2150-4876-8D72-F1A4891CAEF7}.Release|x86.ActiveCfg = Release|x86
	EndGlobalSection
	GlobalSection(SolutionProperties) = preSolution
		HideSolutionNode = FALSE
	EndGlobalSection
EndGlobal
